<Solution>
  <Configurations>
    <BuildType Name="Debug" />
    <BuildType Name="Editor" />
    <BuildType Name="Release" />
  </Configurations>
  <Project Path="JomolithSolver.2dog/JomolithSolver.2dog.csproj" />
  <Project Path="JomolithSolver.csproj" />
  <Project Path="JomolithSolver.tests/JomolithSolver.tests.csproj" />
  <Project Path="JomolithSolver.web/JomolithSolver.web.csproj">
    <BuildType Solution="Editor|*" Project="Debug" />
    <Build Project="false" />
  </Project>
</Solution>
